
Microsoft Visual Studio Solution File, Format Version 12.00
# Visual Studio Version 17
VisualStudioVersion = 17.4.33110.190
MinimumVisualStudioVersion = 10.0.40219.1
Project("{FAE04EC0-301F-11D3-BF4B-00C04F79EFBC}") = "Test", "Test.csproj", "{2ED467AA-E605-4D0D-9083-A92F1C51B4C8}"
EndProject
Global
	GlobalSection(SolutionConfigurationPlatforms) = preSolution
		Debug|Any CPU = Debug|Any CPU
		Release|Any CPU = Release|Any CPU
	EndGlobalSection
	GlobalSection(ProjectConfigurationPlatforms) = postSolution
		{2ED467AA-E605-4D0D-9083-A92F1C51B4C8}.Debug|Any CPU.ActiveCfg = Debug|Any CPU
		{2ED467AA-E605-4D0D-9083-A92F1C51B4C8}.Debug|Any CPU.Build.0 = Debug|Any CPU
		{2ED467AA-E605-4D0D-9083-A92F1C51B4C8}.Release|Any CPU.ActiveCfg = Release|Any CPU
		{2ED467AA-E605-4D0D-9083-A92F1C51B4C8}.Release|Any CPU.Build.0 = Release|Any CPU
	EndGlobalSection
	GlobalSection(SolutionProperties) = preSolution
		HideSolutionNode = FALSE
	EndGlobalSection
	GlobalSection(ExtensibilityGlobals) = postSolution
		SolutionGuid = {388E942E-2AA7-4B89-AF99-0F880A3B3E9C}
	EndGlobalSection
EndGlobal
